
Microsoft Visual Studio Solution File, Format Version 12.00
# Visual Studio Version 16
VisualStudioVersion = 16.0.29102.190
MinimumVisualStudioVersion = 10.0.40219.1
Project("{9A19103F-16F7-4668-BE54-9A1E7A4F7556}") = "RoutineCatalogue.MVC", "RoutineCatalogue.MVC\RoutineCatalogue.MVC.csproj", "{BC989074-159B-4544-9406-45D569C298B1}"
EndProject
Project("{9A19103F-16F7-4668-BE54-9A1E7A4F7556}") = "RoutineCatalogue.Models", "RoutineCatalogue.Models\RoutineCatalogue.Models.csproj", "{A27B8710-6036-41FD-84CC-13D88356A589}"
EndProject
Project("{FAE04EC0-301F-11D3-BF4B-00C04F79EFBC}") = "RoutineCatalogue.API", "RoutineCatalogue.API\RoutineCatalogue.API.csproj", "{CDAD17DE-EAB9-40BF-9AE0-FC86A06A1159}"
EndProject
Global
	GlobalSection(SolutionConfigurationPlatforms) = preSolution
		Debug|Any CPU = Debug|Any CPU
		Release|Any CPU = Release|Any CPU
	EndGlobalSection
	GlobalSection(ProjectConfigurationPlatforms) = postSolution
		{BC989074-159B-4544-9406-45D569C298B1}.Debug|Any CPU.ActiveCfg = Debug|Any CPU
		{BC989074-159B-4544-9406-45D569C298B1}.Debug|Any CPU.Build.0 = Debug|Any CPU
		{BC989074-159B-4544-9406-45D569C298B1}.Release|Any CPU.ActiveCfg = Release|Any CPU
		{BC989074-159B-4544-9406-45D569C298B1}.Release|Any CPU.Build.0 = Release|Any CPU
		{A27B8710-6036-41FD-84CC-13D88356A589}.Debug|Any CPU.ActiveCfg = Debug|Any CPU
		{A27B8710-6036-41FD-84CC-13D88356A589}.Debug|Any CPU.Build.0 = Debug|Any CPU
		{A27B8710-6036-41FD-84CC-13D88356A589}.Release|Any CPU.ActiveCfg = Release|Any CPU
		{A27B8710-6036-41FD-84CC-13D88356A589}.Release|Any CPU.Build.0 = Release|Any CPU
		{CDAD17DE-EAB9-40BF-9AE0-FC86A06A1159}.Debug|Any CPU.ActiveCfg = Debug|Any CPU
		{CDAD17DE-EAB9-40BF-9AE0-FC86A06A1159}.Debug|Any CPU.Build.0 = Debug|Any CPU
		{CDAD17DE-EAB9-40BF-9AE0-FC86A06A1159}.Release|Any CPU.ActiveCfg = Release|Any CPU
		{CDAD17DE-EAB9-40BF-9AE0-FC86A06A1159}.Release|Any CPU.Build.0 = Release|Any CPU
	EndGlobalSection
	GlobalSection(SolutionProperties) = preSolution
		HideSolutionNode = FALSE
	EndGlobalSection
	GlobalSection(ExtensibilityGlobals) = postSolution
		SolutionGuid = {0BF8D27D-B73B-4761-A344-9686278D34D6}
	EndGlobalSection
EndGlobal
